# THIS IS AN AUTOGENERATED FILE. DO NOT EDIT THIS FILE DIRECTLY.
# yarn lockfile v1


"@tanstack/query-core@5.83.1":
  version "5.83.1"
  resolved "https://registry.yarnpkg.com/@tanstack/query-core/-/query-core-5.83.1.tgz#eed82970b30cb24536f561613b5630e03d349628"
  integrity sha512-OG69LQgT7jSp+5pPuCfzltq/+7l2xoweggjme9vlbCPa/d7D7zaqv5vN/S82SzSYZ4EDLTxNO1PWrv49RAS64Q==

"@tanstack/react-query@^5.84.1":
  version "5.84.1"
  resolved "https://registry.yarnpkg.com/@tanstack/react-query/-/react-query-5.84.1.tgz#de36a13a07d3c38abfef20e215f7c97c66a03947"
  integrity sha512-zo7EUygcWJMQfFNWDSG7CBhy8irje/XY0RDVKKV4IQJAysb+ZJkkJPcnQi+KboyGUgT+SQebRFoTqLuTtfoDLw==
  dependencies:
    "@tanstack/query-core" "5.83.1"
